
Microsoft Visual Studio Solution File, Format Version 11.00
# Visual Studio 2010
Project("{FAE04EC0-301F-11D3-BF4B-00C04F79EFBC}") = "Informedica.GenImport.Acceptance", "Informedica.GenImport.Acceptance\Informedica.GenImport.Acceptance.csproj", "{03C9FA43-68D0-4086-B378-9B1CCD9FFA83}"
EndProject
Project("{FAE04EC0-301F-11D3-BF4B-00C04F79EFBC}") = "Informedica.GenImport", "Informedica.GenImport\Informedica.GenImport.csproj", "{260E85C8-6A3E-4C4A-9983-F2ADE9652612}"
EndProject
Project("{FAE04EC0-301F-11D3-BF4B-00C04F79EFBC}") = "Informedica.GenImport.Tests", "Informedica.GenImport.Tests\Informedica.GenImport.Tests.csproj", "{2127E5FF-CB20-4AAD-9681-6312B386D5C5}"
EndProject
Project("{2150E333-8FDC-42A3-9474-1A3956D46DE8}") = "Solution Items", "Solution Items", "{A6EFFC14-4588-4895-BDDD-CE37CE6100B4}"
	ProjectSection(SolutionItems) = preProject
		GenImport.vsmdi = GenImport.vsmdi
		Local.testsettings = Local.testsettings
		TraceAndTestImpact.testsettings = TraceAndTestImpact.testsettings
	EndProjectSection
EndProject
Project("{FAE04EC0-301F-11D3-BF4B-00C04F79EFBC}") = "Informedica.GenImport.DataAccess", "Informedica.GenImport.DataAccess\Informedica.GenImport.DataAccess.csproj", "{1C415EAC-FEA9-45FD-9102-2289EA610E8F}"
EndProject
Project("{FAE04EC0-301F-11D3-BF4B-00C04F79EFBC}") = "Informedica.GenImport.DataAccess.Tests", "Informedica.GenImport.DataAccess.Tests\Informedica.GenImport.DataAccess.Tests.csproj", "{EB71C04A-3359-4F7F-9030-F78C3FE4C760}"
EndProject
Project("{FAE04EC0-301F-11D3-BF4B-00C04F79EFBC}") = "Informedica.GenImport.Services.Tests", "Informedica.GenImport.Services.Tests\Informedica.GenImport.Services.Tests.csproj", "{25F6E816-6C6B-4A89-BCB0-9EC45552C155}"
EndProject
Project("{FAE04EC0-301F-11D3-BF4B-00C04F79EFBC}") = "Informedica.GenImport.Services", "Informedica.GenImport.Services\Informedica.GenImport.Services.csproj", "{30D11CEB-7F8C-4508-91B3-B6E4DC1CFA41}"
EndProject
Project("{FAE04EC0-301F-11D3-BF4B-00C04F79EFBC}") = "Informedica.GenForm.Library.DomainModel.Interfaces", "..\GenForm\Informedica.GenForm.Library.DomainModel.Interfaces\Informedica.GenForm.Library.DomainModel.Interfaces.csproj", "{ECB17AF3-B61D-48BB-97A2-7D4027C2E6DE}"
EndProject
Project("{FAE04EC0-301F-11D3-BF4B-00C04F79EFBC}") = "Informedica.GenImport.Library", "Informedica.GenImport.Library\Informedica.GenImport.Library.csproj", "{E29A9DB3-9FA2-4627-B2CC-58792AF61951}"
EndProject
Project("{FAE04EC0-301F-11D3-BF4B-00C04F79EFBC}") = "Informedica.GenImport.Library.Tests", "Informedica.GenImport.Library.Tests\Informedica.GenImport.Library.Tests.csproj", "{B03A2E8D-836B-47B9-8FDB-ED593101A973}"
EndProject
Global
	GlobalSection(TestCaseManagementSettings) = postSolution
		CategoryFile = GenImport.vsmdi
	EndGlobalSection
	GlobalSection(SolutionConfigurationPlatforms) = preSolution
		Debug|Any CPU = Debug|Any CPU
		Debug|Mixed Platforms = Debug|Mixed Platforms
		Debug|x86 = Debug|x86
		Release|Any CPU = Release|Any CPU
		Release|Mixed Platforms = Release|Mixed Platforms
		Release|x86 = Release|x86
	EndGlobalSection
	GlobalSection(ProjectConfigurationPlatforms) = postSolution
		{03C9FA43-68D0-4086-B378-9B1CCD9FFA83}.Debug|Any CPU.ActiveCfg = Debug|Any CPU
		{03C9FA43-68D0-4086-B378-9B1CCD9FFA83}.Debug|Any CPU.Build.0 = Debug|Any CPU
		{03C9FA43-68D0-4086-B378-9B1CCD9FFA83}.Debug|Mixed Platforms.ActiveCfg = Debug|Any CPU
		{03C9FA43-68D0-4086-B378-9B1CCD9FFA83}.Debug|Mixed Platforms.Build.0 = Debug|Any CPU
		{03C9FA43-68D0-4086-B378-9B1CCD9FFA83}.Debug|x86.ActiveCfg = Debug|Any CPU
		{03C9FA43-68D0-4086-B378-9B1CCD9FFA83}.Release|Any CPU.ActiveCfg = Release|Any CPU
		{03C9FA43-68D0-4086-B378-9B1CCD9FFA83}.Release|Any CPU.Build.0 = Release|Any CPU
		{03C9FA43-68D0-4086-B378-9B1CCD9FFA83}.Release|Mixed Platforms.ActiveCfg = Release|Any CPU
		{03C9FA43-68D0-4086-B378-9B1CCD9FFA83}.Release|Mixed Platforms.Build.0 = Release|Any CPU
		{03C9FA43-68D0-4086-B378-9B1CCD9FFA83}.Release|x86.ActiveCfg = Release|Any CPU
		{260E85C8-6A3E-4C4A-9983-F2ADE9652612}.Debug|Any CPU.ActiveCfg = Debug|Any CPU
		{260E85C8-6A3E-4C4A-9983-F2ADE9652612}.Debug|Any CPU.Build.0 = Debug|Any CPU
		{260E85C8-6A3E-4C4A-9983-F2ADE9652612}.Debug|Mixed Platforms.ActiveCfg = Debug|Any CPU
		{260E85C8-6A3E-4C4A-9983-F2ADE9652612}.Debug|Mixed Platforms.Build.0 = Debug|Any CPU
		{260E85C8-6A3E-4C4A-9983-F2ADE9652612}.Debug|x86.ActiveCfg = Debug|Any CPU
		{260E85C8-6A3E-4C4A-9983-F2ADE9652612}.Release|Any CPU.ActiveCfg = Release|Any CPU
		{260E85C8-6A3E-4C4A-9983-F2ADE9652612}.Release|Any CPU.Build.0 = Release|Any CPU
		{260E85C8-6A3E-4C4A-9983-F2ADE9652612}.Release|Mixed Platforms.ActiveCfg = Release|Any CPU
		{260E85C8-6A3E-4C4A-9983-F2ADE9652612}.Release|Mixed Platforms.Build.0 = Release|Any CPU
		{260E85C8-6A3E-4C4A-9983-F2ADE9652612}.Release|x86.ActiveCfg = Release|Any CPU
		{2127E5FF-CB20-4AAD-9681-6312B386D5C5}.Debug|Any CPU.ActiveCfg = Debug|Any CPU
		{2127E5FF-CB20-4AAD-9681-6312B386D5C5}.Debug|Any CPU.Build.0 = Debug|Any CPU
		{2127E5FF-CB20-4AAD-9681-6312B386D5C5}.Debug|Mixed Platforms.ActiveCfg = Debug|Any CPU
		{2127E5FF-CB20-4AAD-9681-6312B386D5C5}.Debug|Mixed Platforms.Build.0 = Debug|Any CPU
		{2127E5FF-CB20-4AAD-9681-6312B386D5C5}.Debug|x86.ActiveCfg = Debug|Any CPU
		{2127E5FF-CB20-4AAD-9681-6312B386D5C5}.Release|Any CPU.ActiveCfg = Release|Any CPU
		{2127E5FF-CB20-4AAD-9681-6312B386D5C5}.Release|Any CPU.Build.0 = Release|Any CPU
		{2127E5FF-CB20-4AAD-9681-6312B386D5C5}.Release|Mixed Platforms.ActiveCfg = Release|Any CPU
		{2127E5FF-CB20-4AAD-9681-6312B386D5C5}.Release|Mixed Platforms.Build.0 = Release|Any CPU
		{2127E5FF-CB20-4AAD-9681-6312B386D5C5}.Release|x86.ActiveCfg = Release|Any CPU
		{1C415EAC-FEA9-45FD-9102-2289EA610E8F}.Debug|Any CPU.ActiveCfg = Debug|Any CPU
		{1C415EAC-FEA9-45FD-9102-2289EA610E8F}.Debug|Any CPU.Build.0 = Debug|Any CPU
		{1C415EAC-FEA9-45FD-9102-2289EA610E8F}.Debug|Mixed Platforms.ActiveCfg = Debug|Any CPU
		{1C415EAC-FEA9-45FD-9102-2289EA610E8F}.Debug|Mixed Platforms.Build.0 = Debug|Any CPU
		{1C415EAC-FEA9-45FD-9102-2289EA610E8F}.Debug|x86.ActiveCfg = Debug|Any CPU
		{1C415EAC-FEA9-45FD-9102-2289EA610E8F}.Release|Any CPU.ActiveCfg = Release|Any CPU
		{1C415EAC-FEA9-45FD-9102-2289EA610E8F}.Release|Any CPU.Build.0 = Release|Any CPU
		{1C415EAC-FEA9-45FD-9102-2289EA610E8F}.Release|Mixed Platforms.ActiveCfg = Release|Any CPU
		{1C415EAC-FEA9-45FD-9102-2289EA610E8F}.Release|Mixed Platforms.Build.0 = Release|Any CPU
		{1C415EAC-FEA9-45FD-9102-2289EA610E8F}.Release|x86.ActiveCfg = Release|Any CPU
		{EB71C04A-3359-4F7F-9030-F78C3FE4C760}.Debug|Any CPU.ActiveCfg = Debug|Any CPU
		{EB71C04A-3359-4F7F-9030-F78C3FE4C760}.Debug|Any CPU.Build.0 = Debug|Any CPU
		{EB71C04A-3359-4F7F-9030-F78C3FE4C760}.Debug|Mixed Platforms.ActiveCfg = Debug|Any CPU
		{EB71C04A-3359-4F7F-9030-F78C3FE4C760}.Debug|Mixed Platforms.Build.0 = Debug|Any CPU
		{EB71C04A-3359-4F7F-9030-F78C3FE4C760}.Debug|x86.ActiveCfg = Debug|Any CPU
		{EB71C04A-3359-4F7F-9030-F78C3FE4C760}.Release|Any CPU.ActiveCfg = Release|Any CPU
		{EB71C04A-3359-4F7F-9030-F78C3FE4C760}.Release|Any CPU.Build.0 = Release|Any CPU
		{EB71C04A-3359-4F7F-9030-F78C3FE4C760}.Release|Mixed Platforms.ActiveCfg = Release|Any CPU
		{EB71C04A-3359-4F7F-9030-F78C3FE4C760}.Release|Mixed Platforms.Build.0 = Release|Any CPU
		{EB71C04A-3359-4F7F-9030-F78C3FE4C760}.Release|x86.ActiveCfg = Release|Any CPU
		{25F6E816-6C6B-4A89-BCB0-9EC45552C155}.Debug|Any CPU.ActiveCfg = Debug|Any CPU
		{25F6E816-6C6B-4A89-BCB0-9EC45552C155}.Debug|Any CPU.Build.0 = Debug|Any CPU
		{25F6E816-6C6B-4A89-BCB0-9EC45552C155}.Debug|Mixed Platforms.ActiveCfg = Debug|Any CPU
		{25F6E816-6C6B-4A89-BCB0-9EC45552C155}.Debug|Mixed Platforms.Build.0 = Debug|Any CPU
		{25F6E816-6C6B-4A89-BCB0-9EC45552C155}.Debug|x86.ActiveCfg = Debug|Any CPU
		{25F6E816-6C6B-4A89-BCB0-9EC45552C155}.Release|Any CPU.ActiveCfg = Release|Any CPU
		{25F6E816-6C6B-4A89-BCB0-9EC45552C155}.Release|Any CPU.Build.0 = Release|Any CPU
		{25F6E816-6C6B-4A89-BCB0-9EC45552C155}.Release|Mixed Platforms.ActiveCfg = Release|Any CPU
		{25F6E816-6C6B-4A89-BCB0-9EC45552C155}.Release|Mixed Platforms.Build.0 = Release|Any CPU
		{25F6E816-6C6B-4A89-BCB0-9EC45552C155}.Release|x86.ActiveCfg = Release|Any CPU
		{30D11CEB-7F8C-4508-91B3-B6E4DC1CFA41}.Debug|Any CPU.ActiveCfg = Debug|Any CPU
		{30D11CEB-7F8C-4508-91B3-B6E4DC1CFA41}.Debug|Any CPU.Build.0 = Debug|Any CPU
		{30D11CEB-7F8C-4508-91B3-B6E4DC1CFA41}.Debug|Mixed Platforms.ActiveCfg = Debug|Any CPU
		{30D11CEB-7F8C-4508-91B3-B6E4DC1CFA41}.Debug|Mixed Platforms.Build.0 = Debug|Any CPU
		{30D11CEB-7F8C-4508-91B3-B6E4DC1CFA41}.Debug|x86.ActiveCfg = Debug|Any CPU
		{30D11CEB-7F8C-4508-91B3-B6E4DC1CFA41}.Release|Any CPU.ActiveCfg = Release|Any CPU
		{30D11CEB-7F8C-4508-91B3-B6E4DC1CFA41}.Release|Any CPU.Build.0 = Release|Any CPU
		{30D11CEB-7F8C-4508-91B3-B6E4DC1CFA41}.Release|Mixed Platforms.ActiveCfg = Release|Any CPU
		{30D11CEB-7F8C-4508-91B3-B6E4DC1CFA41}.Release|Mixed Platforms.Build.0 = Release|Any CPU
		{30D11CEB-7F8C-4508-91B3-B6E4DC1CFA41}.Release|x86.ActiveCfg = Release|Any CPU
		{ECB17AF3-B61D-48BB-97A2-7D4027C2E6DE}.Debug|Any CPU.ActiveCfg = Debug|Any CPU
		{ECB17AF3-B61D-48BB-97A2-7D4027C2E6DE}.Debug|Any CPU.Build.0 = Debug|Any CPU
		{ECB17AF3-B61D-48BB-97A2-7D4027C2E6DE}.Debug|Mixed Platforms.ActiveCfg = Debug|Any CPU
		{ECB17AF3-B61D-48BB-97A2-7D4027C2E6DE}.Debug|Mixed Platforms.Build.0 = Debug|Any CPU
		{ECB17AF3-B61D-48BB-97A2-7D4027C2E6DE}.Debug|x86.ActiveCfg = Debug|Any CPU
		{ECB17AF3-B61D-48BB-97A2-7D4027C2E6DE}.Release|Any CPU.ActiveCfg = Release|Any CPU
		{ECB17AF3-B61D-48BB-97A2-7D4027C2E6DE}.Release|Any CPU.Build.0 = Release|Any CPU
		{ECB17AF3-B61D-48BB-97A2-7D4027C2E6DE}.Release|Mixed Platforms.ActiveCfg = Release|Any CPU
		{ECB17AF3-B61D-48BB-97A2-7D4027C2E6DE}.Release|Mixed Platforms.Build.0 = Release|Any CPU
		{ECB17AF3-B61D-48BB-97A2-7D4027C2E6DE}.Release|x86.ActiveCfg = Release|Any CPU
		{E29A9DB3-9FA2-4627-B2CC-58792AF61951}.Debug|Any CPU.ActiveCfg = Debug|Any CPU
		{E29A9DB3-9FA2-4627-B2CC-58792AF61951}.Debug|Any CPU.Build.0 = Debug|Any CPU
		{E29A9DB3-9FA2-4627-B2CC-58792AF61951}.Debug|Mixed Platforms.ActiveCfg = Debug|Any CPU
		{E29A9DB3-9FA2-4627-B2CC-58792AF61951}.Debug|Mixed Platforms.Build.0 = Debug|Any CPU
		{E29A9DB3-9FA2-4627-B2CC-58792AF61951}.Debug|x86.ActiveCfg = Debug|Any CPU
		{E29A9DB3-9FA2-4627-B2CC-58792AF61951}.Release|Any CPU.ActiveCfg = Release|Any CPU
		{E29A9DB3-9FA2-4627-B2CC-58792AF61951}.Release|Any CPU.Build.0 = Release|Any CPU
		{E29A9DB3-9FA2-4627-B2CC-58792AF61951}.Release|Mixed Platforms.ActiveCfg = Release|Any CPU
		{E29A9DB3-9FA2-4627-B2CC-58792AF61951}.Release|Mixed Platforms.Build.0 = Release|Any CPU
		{E29A9DB3-9FA2-4627-B2CC-58792AF61951}.Release|x86.ActiveCfg = Release|Any CPU
		{B03A2E8D-836B-47B9-8FDB-ED593101A973}.Debug|Any CPU.ActiveCfg = Debug|Any CPU
		{B03A2E8D-836B-47B9-8FDB-ED593101A973}.Debug|Any CPU.Build.0 = Debug|Any CPU
		{B03A2E8D-836B-47B9-8FDB-ED593101A973}.Debug|Mixed Platforms.ActiveCfg = Debug|Any CPU
		{B03A2E8D-836B-47B9-8FDB-ED593101A973}.Debug|Mixed Platforms.Build.0 = Debug|Any CPU
		{B03A2E8D-836B-47B9-8FDB-ED593101A973}.Debug|x86.ActiveCfg = Debug|Any CPU
		{B03A2E8D-836B-47B9-8FDB-ED593101A973}.Release|Any CPU.ActiveCfg = Release|Any CPU
		{B03A2E8D-836B-47B9-8FDB-ED593101A973}.Release|Any CPU.Build.0 = Release|Any CPU
		{B03A2E8D-836B-47B9-8FDB-ED593101A973}.Release|Mixed Platforms.ActiveCfg = Release|Any CPU
		{B03A2E8D-836B-47B9-8FDB-ED593101A973}.Release|Mixed Platforms.Build.0 = Release|Any CPU
		{B03A2E8D-836B-47B9-8FDB-ED593101A973}.Release|x86.ActiveCfg = Release|Any CPU
	EndGlobalSection
	GlobalSection(SolutionProperties) = preSolution
		HideSolutionNode = FALSE
	EndGlobalSection
EndGlobal
